
Microsoft Visual Studio Solution File, Format Version 12.00
# Visual Studio Version 17
VisualStudioVersion = 17.9.34701.34
MinimumVisualStudioVersion = 10.0.40219.1
Project("{FAE04EC0-301F-11D3-BF4B-00C04F79EFBC}") = "Modem", "Modem\Modem.csproj", "{3E150815-D6AD-4D76-B18E-11F8CC132EBC}"
EndProject
Global
	GlobalSection(SolutionConfigurationPlatforms) = preSolution
		Debug|Any CPU = Debug|Any CPU
		Release|Any CPU = Release|Any CPU
	EndGlobalSection
	GlobalSection(ProjectConfigurationPlatforms) = postSolution
		{3E150815-D6AD-4D76-B18E-11F8CC132EBC}.Debug|Any CPU.ActiveCfg = Debug|Any CPU
		{3E150815-D6AD-4D76-B18E-11F8CC132EBC}.Debug|Any CPU.Build.0 = Debug|Any CPU
		{3E150815-D6AD-4D76-B18E-11F8CC132EBC}.Release|Any CPU.ActiveCfg = Release|Any CPU
		{3E150815-D6AD-4D76-B18E-11F8CC132EBC}.Release|Any CPU.Build.0 = Release|Any CPU
	EndGlobalSection
	GlobalSection(SolutionProperties) = preSolution
		HideSolutionNode = FALSE
	EndGlobalSection
	GlobalSection(ExtensibilityGlobals) = postSolution
		SolutionGuid = {014EB844-4575-4895-A2BE-211D378D382B}
	EndGlobalSection
EndGlobal
